
Microsoft Visual Studio Solution File, Format Version 12.00
# Visual Studio 15
VisualStudioVersion = 15.0.26124.0
MinimumVisualStudioVersion = 15.0.26124.0
Project("{2150E333-8FDC-42A3-9474-1A3956D46DE8}") = "Solution Items", "Solution Items", "{14C98204-9359-45AB-B414-1D307770549E}"
	ProjectSection(SolutionItems) = preProject
		.gitignore = .gitignore
		appveyor.yml = appveyor.yml
		LICENSE = LICENSE
		README.md = README.md
	EndProjectSection
EndProject
Project("{2150E333-8FDC-42A3-9474-1A3956D46DE8}") = "src", "src", "{B94D21CE-0C45-4372-9B38-EBCFC49554AD}"
EndProject
Project("{9A19103F-16F7-4668-BE54-9A1E7A4F7556}") = "HttpRequester", "src\HttpRequester\HttpRequester.csproj", "{8A177C1B-8F4C-4931-81ED-11A950067D27}"
EndProject
Project("{2150E333-8FDC-42A3-9474-1A3956D46DE8}") = "sample", "sample", "{A3DF1727-482C-4EAB-AF28-DA8282F5D3FA}"
EndProject
Project("{9A19103F-16F7-4668-BE54-9A1E7A4F7556}") = "HttpCached", "sample\HttpCached.csproj", "{6BAAC1B7-9588-4261-B371-38AEA8A689D2}"
EndProject
Global
	GlobalSection(SolutionConfigurationPlatforms) = preSolution
		Debug|Any CPU = Debug|Any CPU
		Debug|x64 = Debug|x64
		Debug|x86 = Debug|x86
		Release|Any CPU = Release|Any CPU
		Release|x64 = Release|x64
		Release|x86 = Release|x86
	EndGlobalSection
	GlobalSection(ProjectConfigurationPlatforms) = postSolution
		{8A177C1B-8F4C-4931-81ED-11A950067D27}.Debug|Any CPU.ActiveCfg = Debug|Any CPU
		{8A177C1B-8F4C-4931-81ED-11A950067D27}.Debug|Any CPU.Build.0 = Debug|Any CPU
		{8A177C1B-8F4C-4931-81ED-11A950067D27}.Debug|x64.ActiveCfg = Debug|Any CPU
		{8A177C1B-8F4C-4931-81ED-11A950067D27}.Debug|x64.Build.0 = Debug|Any CPU
		{8A177C1B-8F4C-4931-81ED-11A950067D27}.Debug|x86.ActiveCfg = Debug|Any CPU
		{8A177C1B-8F4C-4931-81ED-11A950067D27}.Debug|x86.Build.0 = Debug|Any CPU
		{8A177C1B-8F4C-4931-81ED-11A950067D27}.Release|Any CPU.ActiveCfg = Release|Any CPU
		{8A177C1B-8F4C-4931-81ED-11A950067D27}.Release|Any CPU.Build.0 = Release|Any CPU
		{8A177C1B-8F4C-4931-81ED-11A950067D27}.Release|x64.ActiveCfg = Release|Any CPU
		{8A177C1B-8F4C-4931-81ED-11A950067D27}.Release|x64.Build.0 = Release|Any CPU
		{8A177C1B-8F4C-4931-81ED-11A950067D27}.Release|x86.ActiveCfg = Release|Any CPU
		{8A177C1B-8F4C-4931-81ED-11A950067D27}.Release|x86.Build.0 = Release|Any CPU
		{6BAAC1B7-9588-4261-B371-38AEA8A689D2}.Debug|Any CPU.ActiveCfg = Debug|Any CPU
		{6BAAC1B7-9588-4261-B371-38AEA8A689D2}.Debug|Any CPU.Build.0 = Debug|Any CPU
		{6BAAC1B7-9588-4261-B371-38AEA8A689D2}.Debug|x64.ActiveCfg = Debug|Any CPU
		{6BAAC1B7-9588-4261-B371-38AEA8A689D2}.Debug|x64.Build.0 = Debug|Any CPU
		{6BAAC1B7-9588-4261-B371-38AEA8A689D2}.Debug|x86.ActiveCfg = Debug|Any CPU
		{6BAAC1B7-9588-4261-B371-38AEA8A689D2}.Debug|x86.Build.0 = Debug|Any CPU
		{6BAAC1B7-9588-4261-B371-38AEA8A689D2}.Release|Any CPU.ActiveCfg = Release|Any CPU
		{6BAAC1B7-9588-4261-B371-38AEA8A689D2}.Release|Any CPU.Build.0 = Release|Any CPU
		{6BAAC1B7-9588-4261-B371-38AEA8A689D2}.Release|x64.ActiveCfg = Release|Any CPU
		{6BAAC1B7-9588-4261-B371-38AEA8A689D2}.Release|x64.Build.0 = Release|Any CPU
		{6BAAC1B7-9588-4261-B371-38AEA8A689D2}.Release|x86.ActiveCfg = Release|Any CPU
		{6BAAC1B7-9588-4261-B371-38AEA8A689D2}.Release|x86.Build.0 = Release|Any CPU
	EndGlobalSection
	GlobalSection(SolutionProperties) = preSolution
		HideSolutionNode = FALSE
	EndGlobalSection
	GlobalSection(NestedProjects) = preSolution
		{8A177C1B-8F4C-4931-81ED-11A950067D27} = {B94D21CE-0C45-4372-9B38-EBCFC49554AD}
		{6BAAC1B7-9588-4261-B371-38AEA8A689D2} = {A3DF1727-482C-4EAB-AF28-DA8282F5D3FA}
	EndGlobalSection
	GlobalSection(ExtensibilityGlobals) = postSolution
		SolutionGuid = {69E8C002-6B46-419E-8C8F-307BDA4F7C15}
	EndGlobalSection
EndGlobal
